// !$*UTF8*$!
{
	archiveVersion = 1;
	classes = {
	};
	objectVersion = 56;
	objects = {

/* Begin PBXBuildFile section */
		0C33EA362BD184550034D484 /* AppDelegate.swift in Sources */ = {isa = PBXBuildFile; fileRef = 0C33EA352BD184550034D484 /* AppDelegate.swift */; };
		0C33EA382BD184550034D484 /* SceneDelegate.swift in Sources */ = {isa = PBXBuildFile; fileRef = 0C33EA372BD184550034D484 /* SceneDelegate.swift */; };
		0C33EA3A2BD184550034D484 /* ViewController.swift in Sources */ = {isa = PBXBuildFile; fileRef = 0C33EA392BD184550034D484 /* ViewController.swift */; };
		0C33EA3D2BD184550034D484 /* Main.storyboard in Resources */ = {isa = PBXBuildFile; fileRef = 0C33EA3B2BD184550034D484 /* Main.storyboard */; };
		0C33EA3F2BD184570034D484 /* Assets.xcassets in Resources */ = {isa = PBXBuildFile; fileRef = 0C33EA3E2BD184570034D484 /* Assets.xcassets */; };
		0C33EA422BD184570034D484 /* LaunchScreen.storyboard in Resources */ = {isa = PBXBuildFile; fileRef = 0C33EA402BD184570034D484 /* LaunchScreen.storyboard */; };
		0C33EA502BD1876F0034D484 /* JobListingViewController.swift in Sources */ = {isa = PBXBuildFile; fileRef = 0C33EA4F2BD1876F0034D484 /* JobListingViewController.swift */; };
		0C33EA542BD188360034D484 /* JobListingView.swift in Sources */ = {isa = PBXBuildFile; fileRef = 0C33EA532BD188360034D484 /* JobListingView.swift */; };
		0C33EA562BD197E00034D484 /* Images.xcassets in Resources */ = {isa = PBXBuildFile; fileRef = 0C33EA552BD197E00034D484 /* Images.xcassets */; };
		0C449FE92BD2A90000338F47 /* JobDomainConnectingView.swift in Sources */ = {isa = PBXBuildFile; fileRef = 0C449FE82BD2A90000338F47 /* JobDomainConnectingView.swift */; };
		0C449FED2BD2BAB700338F47 /* BaseViewController.swift in Sources */ = {isa = PBXBuildFile; fileRef = 0C449FEC2BD2BAB700338F47 /* BaseViewController.swift */; };
		0C449FEF2BD2D94800338F47 /* BaseService.swift in Sources */ = {isa = PBXBuildFile; fileRef = 0C449FEE2BD2D94800338F47 /* BaseService.swift */; };
		0C449FF12BD3847900338F47 /* JobListService.swift in Sources */ = {isa = PBXBuildFile; fileRef = 0C449FF02BD3847900338F47 /* JobListService.swift */; };
		0C449FF32BD384F000338F47 /* JobListDataModel.swift in Sources */ = {isa = PBXBuildFile; fileRef = 0C449FF22BD384F000338F47 /* JobListDataModel.swift */; };
		0C449FF52BD3942300338F47 /* JobListRepository.swift in Sources */ = {isa = PBXBuildFile; fileRef = 0C449FF42BD3942300338F47 /* JobListRepository.swift */; };
		0C449FF72BD3B98E00338F47 /* JobListingViewModel.swift in Sources */ = {isa = PBXBuildFile; fileRef = 0C449FF62BD3B98E00338F47 /* JobListingViewModel.swift */; };
		0C449FFD2BD3EDB300338F47 /* JobDetailListingViewController.swift in Sources */ = {isa = PBXBuildFile; fileRef = 0C449FFC2BD3EDB300338F47 /* JobDetailListingViewController.swift */; };
		0C449FFF2BD438EF00338F47 /* UIViewController+extension.swift in Sources */ = {isa = PBXBuildFile; fileRef = 0C449FFE2BD438EF00338F47 /* UIViewController+extension.swift */; };
		0C44A0012BD43D5300338F47 /* ErrorView.swift in Sources */ = {isa = PBXBuildFile; fileRef = 0C44A0002BD43D5300338F47 /* ErrorView.swift */; };
		0C44A0032BD43F5A00338F47 /* JobDetailListingViewModel.swift in Sources */ = {isa = PBXBuildFile; fileRef = 0C44A0022BD43F5A00338F47 /* JobDetailListingViewModel.swift */; };
		0C44A0062BD4410700338F47 /* UserLoginViewController.swift in Sources */ = {isa = PBXBuildFile; fileRef = 0C44A0052BD4410700338F47 /* UserLoginViewController.swift */; };
		0C44A0082BD4413C00338F47 /* JobDetailListingView.swift in Sources */ = {isa = PBXBuildFile; fileRef = 0C44A0072BD4413C00338F47 /* JobDetailListingView.swift */; };
		0C44A00A2BD448EF00338F47 /* SpinnerView.swift in Sources */ = {isa = PBXBuildFile; fileRef = 0C44A0092BD448EF00338F47 /* SpinnerView.swift */; };
		0C44A00C2BD44C7B00338F47 /* UIViewController+SpinnerView.swift in Sources */ = {isa = PBXBuildFile; fileRef = 0C44A00B2BD44C7B00338F47 /* UIViewController+SpinnerView.swift */; };
		0C44A00E2BD4D5BE00338F47 /* JobDetailListingCellView.swift in Sources */ = {isa = PBXBuildFile; fileRef = 0C44A00D2BD4D5BE00338F47 /* JobDetailListingCellView.swift */; };
		0C44A0102BD4D83D00338F47 /* UserLoginView.swift in Sources */ = {isa = PBXBuildFile; fileRef = 0C44A00F2BD4D83D00338F47 /* UserLoginView.swift */; };
		0C44A0132BD4DEDD00338F47 /* UserProfileViewController.swift in Sources */ = {isa = PBXBuildFile; fileRef = 0C44A0122BD4DEDD00338F47 /* UserProfileViewController.swift */; };
		0C44A0152BD4E0E800338F47 /* UserProfileInformation.swift in Sources */ = {isa = PBXBuildFile; fileRef = 0C44A0142BD4E0E800338F47 /* UserProfileInformation.swift */; };
		0C44A0172BD4E20D00338F47 /* UserLoginInfoModel.swift in Sources */ = {isa = PBXBuildFile; fileRef = 0C44A0162BD4E20D00338F47 /* UserLoginInfoModel.swift */; };
		0C44A0192BD4E43500338F47 /* UserLoginViewModel.swift in Sources */ = {isa = PBXBuildFile; fileRef = 0C44A0182BD4E43500338F47 /* UserLoginViewModel.swift */; };
		0C44A01B2BD4E51300338F47 /* UserLoginService.swift in Sources */ = {isa = PBXBuildFile; fileRef = 0C44A01A2BD4E51300338F47 /* UserLoginService.swift */; };
		0C44A01D2BD4E53800338F47 /* UserLoginRequestModel.swift in Sources */ = {isa = PBXBuildFile; fileRef = 0C44A01C2BD4E53800338F47 /* UserLoginRequestModel.swift */; };
		0C44A01F2BD4E6D500338F47 /* UserLoginResponseModel.swift in Sources */ = {isa = PBXBuildFile; fileRef = 0C44A01E2BD4E6D500338F47 /* UserLoginResponseModel.swift */; };
		0C44A0212BD4F05100338F47 /* UserLoginRepository.swift in Sources */ = {isa = PBXBuildFile; fileRef = 0C44A0202BD4F05100338F47 /* UserLoginRepository.swift */; };
		0C44A0232BD4F11300338F47 /* UserLoginDomainModel.swift in Sources */ = {isa = PBXBuildFile; fileRef = 0C44A0222BD4F11300338F47 /* UserLoginDomainModel.swift */; };
		0C44A0252BD4F67700338F47 /* UserProfileViewModel.swift in Sources */ = {isa = PBXBuildFile; fileRef = 0C44A0242BD4F67700338F47 /* UserProfileViewModel.swift */; };
		0C44A0282BD50B2500338F47 /* UserRegistrationController.swift in Sources */ = {isa = PBXBuildFile; fileRef = 0C44A0272BD50B2500338F47 /* UserRegistrationController.swift */; };
		0C44A02A2BD50BA300338F47 /* UserRegistrationView.swift in Sources */ = {isa = PBXBuildFile; fileRef = 0C44A0292BD50BA300338F47 /* UserRegistrationView.swift */; };
		0C44A02C2BD50C0700338F47 /* UserRegistrationModel.swift in Sources */ = {isa = PBXBuildFile; fileRef = 0C44A02B2BD50C0700338F47 /* UserRegistrationModel.swift */; };
		0C44A02E2BD541E400338F47 /* RegisterUsernameView.swift in Sources */ = {isa = PBXBuildFile; fileRef = 0C44A02D2BD541E400338F47 /* RegisterUsernameView.swift */; };
		0C44A0322BD5498F00338F47 /* JobDescriptionView.swift in Sources */ = {isa = PBXBuildFile; fileRef = 0C44A0312BD5498F00338F47 /* JobDescriptionView.swift */; };
		0C44A0342BD5501500338F47 /* UserProfileView.swift in Sources */ = {isa = PBXBuildFile; fileRef = 0C44A0332BD5501500338F47 /* UserProfileView.swift */; };
		0C44A0372BD57DA100338F47 /* JobDescriptionViewController.swift in Sources */ = {isa = PBXBuildFile; fileRef = 0C44A0362BD57DA100338F47 /* JobDescriptionViewController.swift */; };
		0C44A0392BD5814E00338F47 /* JobDescriptionViewModel.swift in Sources */ = {isa = PBXBuildFile; fileRef = 0C44A0382BD5814E00338F47 /* JobDescriptionViewModel.swift */; };
		0C44A03B2BD5844500338F47 /* JobUpdateService.swift in Sources */ = {isa = PBXBuildFile; fileRef = 0C44A03A2BD5844500338F47 /* JobUpdateService.swift */; };
		0C44A03D2BD58C3500338F47 /* JobUpdateRepository.swift in Sources */ = {isa = PBXBuildFile; fileRef = 0C44A03C2BD58C3500338F47 /* JobUpdateRepository.swift */; };
		0C44A03F2BD609F600338F47 /* RegisterUsernameViewController.swift in Sources */ = {isa = PBXBuildFile; fileRef = 0C44A03E2BD609F600338F47 /* RegisterUsernameViewController.swift */; };
		0C44A0412BD60B0D00338F47 /* RegisterUsernameViewModel.swift in Sources */ = {isa = PBXBuildFile; fileRef = 0C44A0402BD60B0D00338F47 /* RegisterUsernameViewModel.swift */; };
		0C44A0432BD60C5000338F47 /* UserNameService.swift in Sources */ = {isa = PBXBuildFile; fileRef = 0C44A0422BD60C5000338F47 /* UserNameService.swift */; };
		0C44A0452BD60EE600338F47 /* UserNameRepository.swift in Sources */ = {isa = PBXBuildFile; fileRef = 0C44A0442BD60EE600338F47 /* UserNameRepository.swift */; };
		0C44A0472BD6117900338F47 /* UserRegistrationRequestModel.swift in Sources */ = {isa = PBXBuildFile; fileRef = 0C44A0462BD6117900338F47 /* UserRegistrationRequestModel.swift */; };
		0C44A0492BD6165B00338F47 /* UserRegisterationService.swift in Sources */ = {isa = PBXBuildFile; fileRef = 0C44A0482BD6165B00338F47 /* UserRegisterationService.swift */; };
		0C44A04B2BD6171700338F47 /* UserRegistrationResponseModel.swift in Sources */ = {isa = PBXBuildFile; fileRef = 0C44A04A2BD6171700338F47 /* UserRegistrationResponseModel.swift */; };
		0C44A04D2BD6194500338F47 /* UserRegistrationRepository.swift in Sources */ = {isa = PBXBuildFile; fileRef = 0C44A04C2BD6194500338F47 /* UserRegistrationRepository.swift */; };
		0C6836312BD21EA1006CDF8D /* UIColor+extension.swift in Sources */ = {isa = PBXBuildFile; fileRef = 0C6836302BD21EA1006CDF8D /* UIColor+extension.swift */; };
		0C6836332BD21FD6006CDF8D /* JobListingDomainModel.swift in Sources */ = {isa = PBXBuildFile; fileRef = 0C6836322BD21FD6006CDF8D /* JobListingDomainModel.swift */; };
		0CD19C742BD29F52002DC065 /* JobDomainViewController.swift in Sources */ = {isa = PBXBuildFile; fileRef = 0CD19C732BD29F52002DC065 /* JobDomainViewController.swift */; };
		0CD19C762BD29F8D002DC065 /* JobDomainView.swift in Sources */ = {isa = PBXBuildFile; fileRef = 0CD19C752BD29F8D002DC065 /* JobDomainView.swift */; };
		33A151E0AEAEC16AB67F7D2A /* Pods_DailyWages.framework in Frameworks */ = {isa = PBXBuildFile; fileRef = F29F21BF07FEC3CA879DB390 /* Pods_DailyWages.framework */; };
/* End PBXBuildFile section */

/* Begin PBXFileReference section */
		0C33EA322BD184550034D484 /* DailyWages.app */ = {isa = PBXFileReference; explicitFileType = wrapper.application; includeInIndex = 0; path = DailyWages.app; sourceTree = BUILT_PRODUCTS_DIR; };
		0C33EA352BD184550034D484 /* AppDelegate.swift */ = {isa = PBXFileReference; lastKnownFileType = sourcecode.swift; path = AppDelegate.swift; sourceTree = "<group>"; };
		0C33EA372BD184550034D484 /* SceneDelegate.swift */ = {isa = PBXFileReference; lastKnownFileType = sourcecode.swift; path = SceneDelegate.swift; sourceTree = "<group>"; };
		0C33EA392BD184550034D484 /* ViewController.swift */ = {isa = PBXFileReference; lastKnownFileType = sourcecode.swift; path = ViewController.swift; sourceTree = "<group>"; };
		0C33EA3C2BD184550034D484 /* Base */ = {isa = PBXFileReference; lastKnownFileType = file.storyboard; name = Base; path = Base.lproj/Main.storyboard; sourceTree = "<group>"; };
		0C33EA3E2BD184570034D484 /* Assets.xcassets */ = {isa = PBXFileReference; lastKnownFileType = folder.assetcatalog; path = Assets.xcassets; sourceTree = "<group>"; };
		0C33EA412BD184570034D484 /* Base */ = {isa = PBXFileReference; lastKnownFileType = file.storyboard; name = Base; path = Base.lproj/LaunchScreen.storyboard; sourceTree = "<group>"; };
		0C33EA432BD184570034D484 /* Info.plist */ = {isa = PBXFileReference; lastKnownFileType = text.plist.xml; path = Info.plist; sourceTree = "<group>"; };
		0C33EA4F2BD1876F0034D484 /* JobListingViewController.swift */ = {isa = PBXFileReference; lastKnownFileType = sourcecode.swift; path = JobListingViewController.swift; sourceTree = "<group>"; };
		0C33EA532BD188360034D484 /* JobListingView.swift */ = {isa = PBXFileReference; lastKnownFileType = sourcecode.swift; path = JobListingView.swift; sourceTree = "<group>"; };
		0C33EA552BD197E00034D484 /* Images.xcassets */ = {isa = PBXFileReference; lastKnownFileType = folder.assetcatalog; path = Images.xcassets; sourceTree = "<group>"; };
		0C449FE82BD2A90000338F47 /* JobDomainConnectingView.swift */ = {isa = PBXFileReference; lastKnownFileType = sourcecode.swift; path = JobDomainConnectingView.swift; sourceTree = "<group>"; };
		0C449FEC2BD2BAB700338F47 /* BaseViewController.swift */ = {isa = PBXFileReference; lastKnownFileType = sourcecode.swift; path = BaseViewController.swift; sourceTree = "<group>"; };
		0C449FEE2BD2D94800338F47 /* BaseService.swift */ = {isa = PBXFileReference; lastKnownFileType = sourcecode.swift; path = BaseService.swift; sourceTree = "<group>"; };
		0C449FF02BD3847900338F47 /* JobListService.swift */ = {isa = PBXFileReference; lastKnownFileType = sourcecode.swift; path = JobListService.swift; sourceTree = "<group>"; };
		0C449FF22BD384F000338F47 /* JobListDataModel.swift */ = {isa = PBXFileReference; lastKnownFileType = sourcecode.swift; path = JobListDataModel.swift; sourceTree = "<group>"; };
		0C449FF42BD3942300338F47 /* JobListRepository.swift */ = {isa = PBXFileReference; lastKnownFileType = sourcecode.swift; path = JobListRepository.swift; sourceTree = "<group>"; };
		0C449FF62BD3B98E00338F47 /* JobListingViewModel.swift */ = {isa = PBXFileReference; lastKnownFileType = sourcecode.swift; path = JobListingViewModel.swift; sourceTree = "<group>"; };
		0C449FFC2BD3EDB300338F47 /* JobDetailListingViewController.swift */ = {isa = PBXFileReference; lastKnownFileType = sourcecode.swift; path = JobDetailListingViewController.swift; sourceTree = "<group>"; };
		0C449FFE2BD438EF00338F47 /* UIViewController+extension.swift */ = {isa = PBXFileReference; lastKnownFileType = sourcecode.swift; path = "UIViewController+extension.swift"; sourceTree = "<group>"; };
		0C44A0002BD43D5300338F47 /* ErrorView.swift */ = {isa = PBXFileReference; lastKnownFileType = sourcecode.swift; path = ErrorView.swift; sourceTree = "<group>"; };
		0C44A0022BD43F5A00338F47 /* JobDetailListingViewModel.swift */ = {isa = PBXFileReference; lastKnownFileType = sourcecode.swift; path = JobDetailListingViewModel.swift; sourceTree = "<group>"; };
		0C44A0052BD4410700338F47 /* UserLoginViewController.swift */ = {isa = PBXFileReference; lastKnownFileType = sourcecode.swift; path = UserLoginViewController.swift; sourceTree = "<group>"; };
		0C44A0072BD4413C00338F47 /* JobDetailListingView.swift */ = {isa = PBXFileReference; lastKnownFileType = sourcecode.swift; path = JobDetailListingView.swift; sourceTree = "<group>"; };
		0C44A0092BD448EF00338F47 /* SpinnerView.swift */ = {isa = PBXFileReference; lastKnownFileType = sourcecode.swift; path = SpinnerView.swift; sourceTree = "<group>"; };
		0C44A00B2BD44C7B00338F47 /* UIViewController+SpinnerView.swift */ = {isa = PBXFileReference; lastKnownFileType = sourcecode.swift; path = "UIViewController+SpinnerView.swift"; sourceTree = "<group>"; };
		0C44A00D2BD4D5BE00338F47 /* JobDetailListingCellView.swift */ = {isa = PBXFileReference; lastKnownFileType = sourcecode.swift; path = JobDetailListingCellView.swift; sourceTree = "<group>"; };
		0C44A00F2BD4D83D00338F47 /* UserLoginView.swift */ = {isa = PBXFileReference; lastKnownFileType = sourcecode.swift; path = UserLoginView.swift; sourceTree = "<group>"; };
		0C44A0122BD4DEDD00338F47 /* UserProfileViewController.swift */ = {isa = PBXFileReference; lastKnownFileType = sourcecode.swift; path = UserProfileViewController.swift; sourceTree = "<group>"; };
		0C44A0142BD4E0E800338F47 /* UserProfileInformation.swift */ = {isa = PBXFileReference; lastKnownFileType = sourcecode.swift; path = UserProfileInformation.swift; sourceTree = "<group>"; };
		0C44A0162BD4E20D00338F47 /* UserLoginInfoModel.swift */ = {isa = PBXFileReference; lastKnownFileType = sourcecode.swift; path = UserLoginInfoModel.swift; sourceTree = "<group>"; };
		0C44A0182BD4E43500338F47 /* UserLoginViewModel.swift */ = {isa = PBXFileReference; lastKnownFileType = sourcecode.swift; path = UserLoginViewModel.swift; sourceTree = "<group>"; };
		0C44A01A2BD4E51300338F47 /* UserLoginService.swift */ = {isa = PBXFileReference; lastKnownFileType = sourcecode.swift; path = UserLoginService.swift; sourceTree = "<group>"; };
		0C44A01C2BD4E53800338F47 /* UserLoginRequestModel.swift */ = {isa = PBXFileReference; lastKnownFileType = sourcecode.swift; path = UserLoginRequestModel.swift; sourceTree = "<group>"; };
		0C44A01E2BD4E6D500338F47 /* UserLoginResponseModel.swift */ = {isa = PBXFileReference; lastKnownFileType = sourcecode.swift; path = UserLoginResponseModel.swift; sourceTree = "<group>"; };
		0C44A0202BD4F05100338F47 /* UserLoginRepository.swift */ = {isa = PBXFileReference; lastKnownFileType = sourcecode.swift; path = UserLoginRepository.swift; sourceTree = "<group>"; };
		0C44A0222BD4F11300338F47 /* UserLoginDomainModel.swift */ = {isa = PBXFileReference; lastKnownFileType = sourcecode.swift; path = UserLoginDomainModel.swift; sourceTree = "<group>"; };
		0C44A0242BD4F67700338F47 /* UserProfileViewModel.swift */ = {isa = PBXFileReference; lastKnownFileType = sourcecode.swift; path = UserProfileViewModel.swift; sourceTree = "<group>"; };
		0C44A0272BD50B2500338F47 /* UserRegistrationController.swift */ = {isa = PBXFileReference; lastKnownFileType = sourcecode.swift; path = UserRegistrationController.swift; sourceTree = "<group>"; };
		0C44A0292BD50BA300338F47 /* UserRegistrationView.swift */ = {isa = PBXFileReference; lastKnownFileType = sourcecode.swift; path = UserRegistrationView.swift; sourceTree = "<group>"; };
		0C44A02B2BD50C0700338F47 /* UserRegistrationModel.swift */ = {isa = PBXFileReference; lastKnownFileType = sourcecode.swift; path = UserRegistrationModel.swift; sourceTree = "<group>"; };
		0C44A02D2BD541E400338F47 /* RegisterUsernameView.swift */ = {isa = PBXFileReference; lastKnownFileType = sourcecode.swift; path = RegisterUsernameView.swift; sourceTree = "<group>"; };
		0C44A0312BD5498F00338F47 /* JobDescriptionView.swift */ = {isa = PBXFileReference; lastKnownFileType = sourcecode.swift; path = JobDescriptionView.swift; sourceTree = "<group>"; };
		0C44A0332BD5501500338F47 /* UserProfileView.swift */ = {isa = PBXFileReference; lastKnownFileType = sourcecode.swift; path = UserProfileView.swift; sourceTree = "<group>"; };
		0C44A0362BD57DA100338F47 /* JobDescriptionViewController.swift */ = {isa = PBXFileReference; lastKnownFileType = sourcecode.swift; path = JobDescriptionViewController.swift; sourceTree = "<group>"; };
		0C44A0382BD5814E00338F47 /* JobDescriptionViewModel.swift */ = {isa = PBXFileReference; lastKnownFileType = sourcecode.swift; path = JobDescriptionViewModel.swift; sourceTree = "<group>"; };
		0C44A03A2BD5844500338F47 /* JobUpdateService.swift */ = {isa = PBXFileReference; lastKnownFileType = sourcecode.swift; path = JobUpdateService.swift; sourceTree = "<group>"; };
		0C44A03C2BD58C3500338F47 /* JobUpdateRepository.swift */ = {isa = PBXFileReference; lastKnownFileType = sourcecode.swift; path = JobUpdateRepository.swift; sourceTree = "<group>"; };
		0C44A03E2BD609F600338F47 /* RegisterUsernameViewController.swift */ = {isa = PBXFileReference; lastKnownFileType = sourcecode.swift; path = RegisterUsernameViewController.swift; sourceTree = "<group>"; };
		0C44A0402BD60B0D00338F47 /* RegisterUsernameViewModel.swift */ = {isa = PBXFileReference; lastKnownFileType = sourcecode.swift; path = RegisterUsernameViewModel.swift; sourceTree = "<group>"; };
		0C44A0422BD60C5000338F47 /* UserNameService.swift */ = {isa = PBXFileReference; lastKnownFileType = sourcecode.swift; path = UserNameService.swift; sourceTree = "<group>"; };
		0C44A0442BD60EE600338F47 /* UserNameRepository.swift */ = {isa = PBXFileReference; lastKnownFileType = sourcecode.swift; path = UserNameRepository.swift; sourceTree = "<group>"; };
		0C44A0462BD6117900338F47 /* UserRegistrationRequestModel.swift */ = {isa = PBXFileReference; lastKnownFileType = sourcecode.swift; path = UserRegistrationRequestModel.swift; sourceTree = "<group>"; };
		0C44A0482BD6165B00338F47 /* UserRegisterationService.swift */ = {isa = PBXFileReference; lastKnownFileType = sourcecode.swift; path = UserRegisterationService.swift; sourceTree = "<group>"; };
		0C44A04A2BD6171700338F47 /* UserRegistrationResponseModel.swift */ = {isa = PBXFileReference; lastKnownFileType = sourcecode.swift; path = UserRegistrationResponseModel.swift; sourceTree = "<group>"; };
		0C44A04C2BD6194500338F47 /* UserRegistrationRepository.swift */ = {isa = PBXFileReference; lastKnownFileType = sourcecode.swift; path = UserRegistrationRepository.swift; sourceTree = "<group>"; };
		0C6836302BD21EA1006CDF8D /* UIColor+extension.swift */ = {isa = PBXFileReference; lastKnownFileType = sourcecode.swift; path = "UIColor+extension.swift"; sourceTree = "<group>"; };
		0C6836322BD21FD6006CDF8D /* JobListingDomainModel.swift */ = {isa = PBXFileReference; lastKnownFileType = sourcecode.swift; path = JobListingDomainModel.swift; sourceTree = "<group>"; };
		0CD19C732BD29F52002DC065 /* JobDomainViewController.swift */ = {isa = PBXFileReference; lastKnownFileType = sourcecode.swift; path = JobDomainViewController.swift; sourceTree = "<group>"; };
		0CD19C752BD29F8D002DC065 /* JobDomainView.swift */ = {isa = PBXFileReference; lastKnownFileType = sourcecode.swift; path = JobDomainView.swift; sourceTree = "<group>"; };
		63E452B6DFA47464733A972A /* Pods-DailyWages.release.xcconfig */ = {isa = PBXFileReference; includeInIndex = 1; lastKnownFileType = text.xcconfig; name = "Pods-DailyWages.release.xcconfig"; path = "Target Support Files/Pods-DailyWages/Pods-DailyWages.release.xcconfig"; sourceTree = "<group>"; };
		655726A53FC5BE8A84D97797 /* Pods-DailyWages.debug.xcconfig */ = {isa = PBXFileReference; includeInIndex = 1; lastKnownFileType = text.xcconfig; name = "Pods-DailyWages.debug.xcconfig"; path = "Target Support Files/Pods-DailyWages/Pods-DailyWages.debug.xcconfig"; sourceTree = "<group>"; };
		F29F21BF07FEC3CA879DB390 /* Pods_DailyWages.framework */ = {isa = PBXFileReference; explicitFileType = wrapper.framework; includeInIndex = 0; path = Pods_DailyWages.framework; sourceTree = BUILT_PRODUCTS_DIR; };
/* End PBXFileReference section */

/* Begin PBXFrameworksBuildPhase section */
		0C33EA2F2BD184550034D484 /* Frameworks */ = {
			isa = PBXFrameworksBuildPhase;
			buildActionMask = 2147483647;
			files = (
				33A151E0AEAEC16AB67F7D2A /* Pods_DailyWages.framework in Frameworks */,
			);
			runOnlyForDeploymentPostprocessing = 0;
		};
/* End PBXFrameworksBuildPhase section */

/* Begin PBXGroup section */
		0C33EA292BD184550034D484 = {
			isa = PBXGroup;
			children = (
				0C33EA342BD184550034D484 /* DailyWages */,
				0C33EA332BD184550034D484 /* Products */,
				DD341DD1872F10A4D02B8082 /* Pods */,
				4ED368D7CADE4A1068F2486E /* Frameworks */,
			);
			sourceTree = "<group>";
		};
		0C33EA332BD184550034D484 /* Products */ = {
			isa = PBXGroup;
			children = (
				0C33EA322BD184550034D484 /* DailyWages.app */,
			);
			name = Products;
			sourceTree = "<group>";
		};
		0C33EA342BD184550034D484 /* DailyWages */ = {
			isa = PBXGroup;
			children = (
				0C33EA4E2BD187240034D484 /* Common */,
				0C33EA4D2BD187190034D484 /* Services */,
				0C33EA4C2BD186EC0034D484 /* DataModels */,
				0C33EA4B2BD186DE0034D484 /* Repositories */,
				0C33EA4A2BD186CC0034D484 /* DomainModels */,
				0C33EA522BD187F30034D484 /* ConnectingViews */,
				0C33EA512BD187E30034D484 /* SwiftUIViews */,
				0C33EA492BD186AF0034D484 /* ModelsAndControllers */,
				0C33EA352BD184550034D484 /* AppDelegate.swift */,
				0C33EA552BD197E00034D484 /* Images.xcassets */,
				0C33EA372BD184550034D484 /* SceneDelegate.swift */,
				0C33EA392BD184550034D484 /* ViewController.swift */,
				0C33EA3B2BD184550034D484 /* Main.storyboard */,
				0C33EA3E2BD184570034D484 /* Assets.xcassets */,
				0C33EA402BD184570034D484 /* LaunchScreen.storyboard */,
				0C33EA432BD184570034D484 /* Info.plist */,
			);
			path = DailyWages;
			sourceTree = "<group>";
		};
		0C33EA492BD186AF0034D484 /* ModelsAndControllers */ = {
			isa = PBXGroup;
			children = (
				0C44A0352BD57D7B00338F47 /* JobDescription */,
				0C44A0262BD50B0100338F47 /* UserRegistration */,
				0C44A0112BD4DEC900338F47 /* UserProfile */,
				0C44A0042BD440EE00338F47 /* UserLogin */,
				0C449FFB2BD3ED8600338F47 /* JobDetailListing */,
				0C449FF82BD3B99400338F47 /* JobListing */,
				0CD19C732BD29F52002DC065 /* JobDomainViewController.swift */,
			);
			path = ModelsAndControllers;
			sourceTree = "<group>";
		};
		0C33EA4A2BD186CC0034D484 /* DomainModels */ = {
			isa = PBXGroup;
			children = (
				0C6836322BD21FD6006CDF8D /* JobListingDomainModel.swift */,
				0C44A01C2BD4E53800338F47 /* UserLoginRequestModel.swift */,
				0C44A0162BD4E20D00338F47 /* UserLoginInfoModel.swift */,
				0C44A0222BD4F11300338F47 /* UserLoginDomainModel.swift */,
				0C44A02B2BD50C0700338F47 /* UserRegistrationModel.swift */,
				0C44A0462BD6117900338F47 /* UserRegistrationRequestModel.swift */,
			);
			path = DomainModels;
			sourceTree = "<group>";
		};
		0C33EA4B2BD186DE0034D484 /* Repositories */ = {
			isa = PBXGroup;
			children = (
				0C449FF42BD3942300338F47 /* JobListRepository.swift */,
				0C44A0202BD4F05100338F47 /* UserLoginRepository.swift */,
				0C44A03C2BD58C3500338F47 /* JobUpdateRepository.swift */,
				0C44A0442BD60EE600338F47 /* UserNameRepository.swift */,
				0C44A04C2BD6194500338F47 /* UserRegistrationRepository.swift */,
			);
			path = Repositories;
			sourceTree = "<group>";
		};
		0C33EA4C2BD186EC0034D484 /* DataModels */ = {
			isa = PBXGroup;
			children = (
				0C449FF22BD384F000338F47 /* JobListDataModel.swift */,
				0C44A01E2BD4E6D500338F47 /* UserLoginResponseModel.swift */,
				0C44A04A2BD6171700338F47 /* UserRegistrationResponseModel.swift */,
			);
			path = DataModels;
			sourceTree = "<group>";
		};
		0C33EA4D2BD187190034D484 /* Services */ = {
			isa = PBXGroup;
			children = (
				0C449FF02BD3847900338F47 /* JobListService.swift */,
				0C44A01A2BD4E51300338F47 /* UserLoginService.swift */,
				0C44A03A2BD5844500338F47 /* JobUpdateService.swift */,
				0C44A0422BD60C5000338F47 /* UserNameService.swift */,
				0C44A0482BD6165B00338F47 /* UserRegisterationService.swift */,
			);
			path = Services;
			sourceTree = "<group>";
		};
		0C33EA4E2BD187240034D484 /* Common */ = {
			isa = PBXGroup;
			children = (
				0C6836302BD21EA1006CDF8D /* UIColor+extension.swift */,
				0C449FEC2BD2BAB700338F47 /* BaseViewController.swift */,
				0C449FEE2BD2D94800338F47 /* BaseService.swift */,
				0C449FFE2BD438EF00338F47 /* UIViewController+extension.swift */,
				0C44A0092BD448EF00338F47 /* SpinnerView.swift */,
				0C44A00B2BD44C7B00338F47 /* UIViewController+SpinnerView.swift */,
				0C44A0142BD4E0E800338F47 /* UserProfileInformation.swift */,
			);
			path = Common;
			sourceTree = "<group>";
		};
		0C33EA512BD187E30034D484 /* SwiftUIViews */ = {
			isa = PBXGroup;
			children = (
				0C33EA532BD188360034D484 /* JobListingView.swift */,
				0CD19C752BD29F8D002DC065 /* JobDomainView.swift */,
				0C44A0002BD43D5300338F47 /* ErrorView.swift */,
				0C44A0072BD4413C00338F47 /* JobDetailListingView.swift */,
				0C44A00D2BD4D5BE00338F47 /* JobDetailListingCellView.swift */,
				0C44A00F2BD4D83D00338F47 /* UserLoginView.swift */,
				0C44A0292BD50BA300338F47 /* UserRegistrationView.swift */,
				0C44A02D2BD541E400338F47 /* RegisterUsernameView.swift */,
				0C44A0312BD5498F00338F47 /* JobDescriptionView.swift */,
				0C44A0332BD5501500338F47 /* UserProfileView.swift */,
			);
			path = SwiftUIViews;
			sourceTree = "<group>";
		};
		0C33EA522BD187F30034D484 /* ConnectingViews */ = {
			isa = PBXGroup;
			children = (
				0C449FE82BD2A90000338F47 /* JobDomainConnectingView.swift */,
			);
			path = ConnectingViews;
			sourceTree = "<group>";
		};
		0C449FF82BD3B99400338F47 /* JobListing */ = {
			isa = PBXGroup;
			children = (
				0C449FF62BD3B98E00338F47 /* JobListingViewModel.swift */,
				0C33EA4F2BD1876F0034D484 /* JobListingViewController.swift */,
			);
			path = JobListing;
			sourceTree = "<group>";
		};
		0C449FFB2BD3ED8600338F47 /* JobDetailListing */ = {
			isa = PBXGroup;
			children = (
				0C449FFC2BD3EDB300338F47 /* JobDetailListingViewController.swift */,
				0C44A0022BD43F5A00338F47 /* JobDetailListingViewModel.swift */,
			);
			path = JobDetailListing;
			sourceTree = "<group>";
		};
		0C44A0042BD440EE00338F47 /* UserLogin */ = {
			isa = PBXGroup;
			children = (
				0C44A0052BD4410700338F47 /* UserLoginViewController.swift */,
				0C44A0182BD4E43500338F47 /* UserLoginViewModel.swift */,
			);
			path = UserLogin;
			sourceTree = "<group>";
		};
		0C44A0112BD4DEC900338F47 /* UserProfile */ = {
			isa = PBXGroup;
			children = (
				0C44A0122BD4DEDD00338F47 /* UserProfileViewController.swift */,
				0C44A0242BD4F67700338F47 /* UserProfileViewModel.swift */,
			);
			path = UserProfile;
			sourceTree = "<group>";
		};
		0C44A0262BD50B0100338F47 /* UserRegistration */ = {
			isa = PBXGroup;
			children = (
				0C44A0272BD50B2500338F47 /* UserRegistrationController.swift */,
				0C44A03E2BD609F600338F47 /* RegisterUsernameViewController.swift */,
				0C44A0402BD60B0D00338F47 /* RegisterUsernameViewModel.swift */,
			);
			path = UserRegistration;
			sourceTree = "<group>";
		};
		0C44A0352BD57D7B00338F47 /* JobDescription */ = {
			isa = PBXGroup;
			children = (
				0C44A0362BD57DA100338F47 /* JobDescriptionViewController.swift */,
				0C44A0382BD5814E00338F47 /* JobDescriptionViewModel.swift */,
			);
			path = JobDescription;
			sourceTree = "<group>";
		};
		4ED368D7CADE4A1068F2486E /* Frameworks */ = {
			isa = PBXGroup;
			children = (
				F29F21BF07FEC3CA879DB390 /* Pods_DailyWages.framework */,
			);
			name = Frameworks;
			sourceTree = "<group>";
		};
		DD341DD1872F10A4D02B8082 /* Pods */ = {
			isa = PBXGroup;
			children = (
				655726A53FC5BE8A84D97797 /* Pods-DailyWages.debug.xcconfig */,
				63E452B6DFA47464733A972A /* Pods-DailyWages.release.xcconfig */,
			);
			path = Pods;
			sourceTree = "<group>";
		};
/* End PBXGroup section */

/* Begin PBXNativeTarget section */
		0C33EA312BD184550034D484 /* DailyWages */ = {
			isa = PBXNativeTarget;
			buildConfigurationList = 0C33EA462BD184570034D484 /* Build configuration list for PBXNativeTarget "DailyWages" */;
			buildPhases = (
				78FC96662D25412C0B59899A /* [CP] Check Pods Manifest.lock */,
				0C33EA2E2BD184550034D484 /* Sources */,
				0C33EA2F2BD184550034D484 /* Frameworks */,
				0C33EA302BD184550034D484 /* Resources */,
			);
			buildRules = (
			);
			dependencies = (
			);
			name = DailyWages;
			productName = DailyWages;
			productReference = 0C33EA322BD184550034D484 /* DailyWages.app */;
			productType = "com.apple.product-type.application";
		};
/* End PBXNativeTarget section */

/* Begin PBXProject section */
		0C33EA2A2BD184550034D484 /* Project object */ = {
			isa = PBXProject;
			attributes = {
				BuildIndependentTargetsInParallel = 1;
				LastSwiftUpdateCheck = 1520;
				LastUpgradeCheck = 1520;
				TargetAttributes = {
					0C33EA312BD184550034D484 = {
						CreatedOnToolsVersion = 15.2;
					};
				};
			};
			buildConfigurationList = 0C33EA2D2BD184550034D484 /* Build configuration list for PBXProject "DailyWages" */;
			compatibilityVersion = "Xcode 14.0";
			developmentRegion = en;
			hasScannedForEncodings = 0;
			knownRegions = (
				en,
				Base,
			);
			mainGroup = 0C33EA292BD184550034D484;
			productRefGroup = 0C33EA332BD184550034D484 /* Products */;
			projectDirPath = "";
			projectRoot = "";
			targets = (
				0C33EA312BD184550034D484 /* DailyWages */,
			);
		};
/* End PBXProject section */

/* Begin PBXResourcesBuildPhase section */
		0C33EA302BD184550034D484 /* Resources */ = {
			isa = PBXResourcesBuildPhase;
			buildActionMask = 2147483647;
			files = (
				0C33EA422BD184570034D484 /* LaunchScreen.storyboard in Resources */,
				0C33EA562BD197E00034D484 /* Images.xcassets in Resources */,
				0C33EA3F2BD184570034D484 /* Assets.xcassets in Resources */,
				0C33EA3D2BD184550034D484 /* Main.storyboard in Resources */,
			);
			runOnlyForDeploymentPostprocessing = 0;
		};
/* End PBXResourcesBuildPhase section */

/* Begin PBXShellScriptBuildPhase section */
		78FC96662D25412C0B59899A /* [CP] Check Pods Manifest.lock */ = {
			isa = PBXShellScriptBuildPhase;
			buildActionMask = 2147483647;
			files = (
			);
			inputFileListPaths = (
			);
			inputPaths = (
				"${PODS_PODFILE_DIR_PATH}/Podfile.lock",
				"${PODS_ROOT}/Manifest.lock",
			);
			name = "[CP] Check Pods Manifest.lock";
			outputFileListPaths = (
			);
			outputPaths = (
				"$(DERIVED_FILE_DIR)/Pods-DailyWages-checkManifestLockResult.txt",
			);
			runOnlyForDeploymentPostprocessing = 0;
			shellPath = /bin/sh;
			shellScript = "diff \"${PODS_PODFILE_DIR_PATH}/Podfile.lock\" \"${PODS_ROOT}/Manifest.lock\" > /dev/null\nif [ $? != 0 ] ; then\n    # print error to STDERR\n    echo \"error: The sandbox is not in sync with the Podfile.lock. Run 'pod install' or update your CocoaPods installation.\" >&2\n    exit 1\nfi\n# This output is used by Xcode 'outputs' to avoid re-running this script phase.\necho \"SUCCESS\" > \"${SCRIPT_OUTPUT_FILE_0}\"\n";
			showEnvVarsInLog = 0;
		};
/* End PBXShellScriptBuildPhase section */

/* Begin PBXSourcesBuildPhase section */
		0C33EA2E2BD184550034D484 /* Sources */ = {
			isa = PBXSourcesBuildPhase;
			buildActionMask = 2147483647;
			files = (
				0C44A0062BD4410700338F47 /* UserLoginViewController.swift in Sources */,
				0C33EA3A2BD184550034D484 /* ViewController.swift in Sources */,
				0C44A03F2BD609F600338F47 /* RegisterUsernameViewController.swift in Sources */,
				0C44A0322BD5498F00338F47 /* JobDescriptionView.swift in Sources */,
				0C44A00A2BD448EF00338F47 /* SpinnerView.swift in Sources */,
				0C44A00C2BD44C7B00338F47 /* UIViewController+SpinnerView.swift in Sources */,
				0C44A00E2BD4D5BE00338F47 /* JobDetailListingCellView.swift in Sources */,
				0C449FF32BD384F000338F47 /* JobListDataModel.swift in Sources */,
				0C44A0342BD5501500338F47 /* UserProfileView.swift in Sources */,
				0C44A0282BD50B2500338F47 /* UserRegistrationController.swift in Sources */,
				0C44A0012BD43D5300338F47 /* ErrorView.swift in Sources */,
				0C44A02C2BD50C0700338F47 /* UserRegistrationModel.swift in Sources */,
				0C449FFF2BD438EF00338F47 /* UIViewController+extension.swift in Sources */,
				0C44A0492BD6165B00338F47 /* UserRegisterationService.swift in Sources */,
				0C44A01D2BD4E53800338F47 /* UserLoginRequestModel.swift in Sources */,
				0C33EA542BD188360034D484 /* JobListingView.swift in Sources */,
				0C44A0082BD4413C00338F47 /* JobDetailListingView.swift in Sources */,
				0CD19C742BD29F52002DC065 /* JobDomainViewController.swift in Sources */,
				0C44A04B2BD6171700338F47 /* UserRegistrationResponseModel.swift in Sources */,
				0C44A0212BD4F05100338F47 /* UserLoginRepository.swift in Sources */,
				0C44A0032BD43F5A00338F47 /* JobDetailListingViewModel.swift in Sources */,
				0C33EA502BD1876F0034D484 /* JobListingViewController.swift in Sources */,
				0C44A04D2BD6194500338F47 /* UserRegistrationRepository.swift in Sources */,
				0C449FFD2BD3EDB300338F47 /* JobDetailListingViewController.swift in Sources */,
				0C44A01B2BD4E51300338F47 /* UserLoginService.swift in Sources */,
				0C44A0252BD4F67700338F47 /* UserProfileViewModel.swift in Sources */,
				0C449FED2BD2BAB700338F47 /* BaseViewController.swift in Sources */,
				0C44A03B2BD5844500338F47 /* JobUpdateService.swift in Sources */,
				0C44A03D2BD58C3500338F47 /* JobUpdateRepository.swift in Sources */,
				0C6836312BD21EA1006CDF8D /* UIColor+extension.swift in Sources */,
				0C44A0132BD4DEDD00338F47 /* UserProfileViewController.swift in Sources */,
				0C449FEF2BD2D94800338F47 /* BaseService.swift in Sources */,
				0C44A0452BD60EE600338F47 /* UserNameRepository.swift in Sources */,
				0C44A0102BD4D83D00338F47 /* UserLoginView.swift in Sources */,
				0C44A0192BD4E43500338F47 /* UserLoginViewModel.swift in Sources */,
				0C449FF52BD3942300338F47 /* JobListRepository.swift in Sources */,
				0C33EA362BD184550034D484 /* AppDelegate.swift in Sources */,
				0C44A0172BD4E20D00338F47 /* UserLoginInfoModel.swift in Sources */,
				0C44A0392BD5814E00338F47 /* JobDescriptionViewModel.swift in Sources */,
				0C44A0472BD6117900338F47 /* UserRegistrationRequestModel.swift in Sources */,
				0C44A02E2BD541E400338F47 /* RegisterUsernameView.swift in Sources */,
				0C44A0232BD4F11300338F47 /* UserLoginDomainModel.swift in Sources */,
				0C6836332BD21FD6006CDF8D /* JobListingDomainModel.swift in Sources */,
				0C44A0432BD60C5000338F47 /* UserNameService.swift in Sources */,
				0C44A02A2BD50BA300338F47 /* UserRegistrationView.swift in Sources */,
				0C449FF72BD3B98E00338F47 /* JobListingViewModel.swift in Sources */,
				0C33EA382BD184550034D484 /* SceneDelegate.swift in Sources */,
				0C44A0372BD57DA100338F47 /* JobDescriptionViewController.swift in Sources */,
				0C449FE92BD2A90000338F47 /* JobDomainConnectingView.swift in Sources */,
				0C44A0412BD60B0D00338F47 /* RegisterUsernameViewModel.swift in Sources */,
				0C44A0152BD4E0E800338F47 /* UserProfileInformation.swift in Sources */,
				0CD19C762BD29F8D002DC065 /* JobDomainView.swift in Sources */,
				0C44A01F2BD4E6D500338F47 /* UserLoginResponseModel.swift in Sources */,
				0C449FF12BD3847900338F47 /* JobListService.swift in Sources */,
			);
			runOnlyForDeploymentPostprocessing = 0;
		};
/* End PBXSourcesBuildPhase section */

/* Begin PBXVariantGroup section */
		0C33EA3B2BD184550034D484 /* Main.storyboard */ = {
			isa = PBXVariantGroup;
			children = (
				0C33EA3C2BD184550034D484 /* Base */,
			);
			name = Main.storyboard;
			sourceTree = "<group>";
		};
		0C33EA402BD184570034D484 /* LaunchScreen.storyboard */ = {
			isa = PBXVariantGroup;
			children = (
				0C33EA412BD184570034D484 /* Base */,
			);
			name = LaunchScreen.storyboard;
			sourceTree = "<group>";
		};
/* End PBXVariantGroup section */

/* Begin XCBuildConfiguration section */
		0C33EA442BD184570034D484 /* Debug */ = {
			isa = XCBuildConfiguration;
			buildSettings = {
				ALWAYS_SEARCH_USER_PATHS = NO;
				ASSETCATALOG_COMPILER_GENERATE_SWIFT_ASSET_SYMBOL_EXTENSIONS = YES;
				CLANG_ANALYZER_NONNULL = YES;
				CLANG_ANALYZER_NUMBER_OBJECT_CONVERSION = YES_AGGRESSIVE;
				CLANG_CXX_LANGUAGE_STANDARD = "gnu++20";
				CLANG_ENABLE_MODULES = YES;
				CLANG_ENABLE_OBJC_ARC = YES;
				CLANG_ENABLE_OBJC_WEAK = YES;
				CLANG_WARN_BLOCK_CAPTURE_AUTORELEASING = YES;
				CLANG_WARN_BOOL_CONVERSION = YES;
				CLANG_WARN_COMMA = YES;
				CLANG_WARN_CONSTANT_CONVERSION = YES;
				CLANG_WARN_DEPRECATED_OBJC_IMPLEMENTATIONS = YES;
				CLANG_WARN_DIRECT_OBJC_ISA_USAGE = YES_ERROR;
				CLANG_WARN_DOCUMENTATION_COMMENTS = YES;
				CLANG_WARN_EMPTY_BODY = YES;
				CLANG_WARN_ENUM_CONVERSION = YES;
				CLANG_WARN_INFINITE_RECURSION = YES;
				CLANG_WARN_INT_CONVERSION = YES;
				CLANG_WARN_NON_LITERAL_NULL_CONVERSION = YES;
				CLANG_WARN_OBJC_IMPLICIT_RETAIN_SELF = YES;
				CLANG_WARN_OBJC_LITERAL_CONVERSION = YES;
				CLANG_WARN_OBJC_ROOT_CLASS = YES_ERROR;
				CLANG_WARN_QUOTED_INCLUDE_IN_FRAMEWORK_HEADER = YES;
				CLANG_WARN_RANGE_LOOP_ANALYSIS = YES;
				CLANG_WARN_STRICT_PROTOTYPES = YES;
				CLANG_WARN_SUSPICIOUS_MOVE = YES;
				CLANG_WARN_UNGUARDED_AVAILABILITY = YES_AGGRESSIVE;
				CLANG_WARN_UNREACHABLE_CODE = YES;
				CLANG_WARN__DUPLICATE_METHOD_MATCH = YES;
				COPY_PHASE_STRIP = NO;
				DEBUG_INFORMATION_FORMAT = dwarf;
				ENABLE_STRICT_OBJC_MSGSEND = YES;
				ENABLE_TESTABILITY = YES;
				ENABLE_USER_SCRIPT_SANDBOXING = YES;
				GCC_C_LANGUAGE_STANDARD = gnu17;
				GCC_DYNAMIC_NO_PIC = NO;
				GCC_NO_COMMON_BLOCKS = YES;
				GCC_OPTIMIZATION_LEVEL = 0;
				GCC_PREPROCESSOR_DEFINITIONS = (
					"DEBUG=1",
					"$(inherited)",
				);
				GCC_WARN_64_TO_32_BIT_CONVERSION = YES;
				GCC_WARN_ABOUT_RETURN_TYPE = YES_ERROR;
				GCC_WARN_UNDECLARED_SELECTOR = YES;
				GCC_WARN_UNINITIALIZED_AUTOS = YES_AGGRESSIVE;
				GCC_WARN_UNUSED_FUNCTION = YES;
				GCC_WARN_UNUSED_VARIABLE = YES;
				IPHONEOS_DEPLOYMENT_TARGET = 17.2;
				LOCALIZATION_PREFERS_STRING_CATALOGS = YES;
				MTL_ENABLE_DEBUG_INFO = INCLUDE_SOURCE;
				MTL_FAST_MATH = YES;
				ONLY_ACTIVE_ARCH = YES;
				SDKROOT = iphoneos;
				SWIFT_ACTIVE_COMPILATION_CONDITIONS = "DEBUG $(inherited)";
				SWIFT_OPTIMIZATION_LEVEL = "-Onone";
			};
			name = Debug;
		};
		0C33EA452BD184570034D484 /* Release */ = {
			isa = XCBuildConfiguration;
			buildSettings = {
				ALWAYS_SEARCH_USER_PATHS = NO;
				ASSETCATALOG_COMPILER_GENERATE_SWIFT_ASSET_SYMBOL_EXTENSIONS = YES;
				CLANG_ANALYZER_NONNULL = YES;
				CLANG_ANALYZER_NUMBER_OBJECT_CONVERSION = YES_AGGRESSIVE;
				CLANG_CXX_LANGUAGE_STANDARD = "gnu++20";
				CLANG_ENABLE_MODULES = YES;
				CLANG_ENABLE_OBJC_ARC = YES;
				CLANG_ENABLE_OBJC_WEAK = YES;
				CLANG_WARN_BLOCK_CAPTURE_AUTORELEASING = YES;
				CLANG_WARN_BOOL_CONVERSION = YES;
				CLANG_WARN_COMMA = YES;
				CLANG_WARN_CONSTANT_CONVERSION = YES;
				CLANG_WARN_DEPRECATED_OBJC_IMPLEMENTATIONS = YES;
				CLANG_WARN_DIRECT_OBJC_ISA_USAGE = YES_ERROR;
				CLANG_WARN_DOCUMENTATION_COMMENTS = YES;
				CLANG_WARN_EMPTY_BODY = YES;
				CLANG_WARN_ENUM_CONVERSION = YES;
				CLANG_WARN_INFINITE_RECURSION = YES;
				CLANG_WARN_INT_CONVERSION = YES;
				CLANG_WARN_NON_LITERAL_NULL_CONVERSION = YES;
				CLANG_WARN_OBJC_IMPLICIT_RETAIN_SELF = YES;
				CLANG_WARN_OBJC_LITERAL_CONVERSION = YES;
				CLANG_WARN_OBJC_ROOT_CLASS = YES_ERROR;
				CLANG_WARN_QUOTED_INCLUDE_IN_FRAMEWORK_HEADER = YES;
				CLANG_WARN_RANGE_LOOP_ANALYSIS = YES;
				CLANG_WARN_STRICT_PROTOTYPES = YES;
				CLANG_WARN_SUSPICIOUS_MOVE = YES;
				CLANG_WARN_UNGUARDED_AVAILABILITY = YES_AGGRESSIVE;
				CLANG_WARN_UNREACHABLE_CODE = YES;
				CLANG_WARN__DUPLICATE_METHOD_MATCH = YES;
				COPY_PHASE_STRIP = NO;
				DEBUG_INFORMATION_FORMAT = "dwarf-with-dsym";
				ENABLE_NS_ASSERTIONS = NO;
				ENABLE_STRICT_OBJC_MSGSEND = YES;
				ENABLE_USER_SCRIPT_SANDBOXING = YES;
				GCC_C_LANGUAGE_STANDARD = gnu17;
				GCC_NO_COMMON_BLOCKS = YES;
				GCC_WARN_64_TO_32_BIT_CONVERSION = YES;
				GCC_WARN_ABOUT_RETURN_TYPE = YES_ERROR;
				GCC_WARN_UNDECLARED_SELECTOR = YES;
				GCC_WARN_UNINITIALIZED_AUTOS = YES_AGGRESSIVE;
				GCC_WARN_UNUSED_FUNCTION = YES;
				GCC_WARN_UNUSED_VARIABLE = YES;
				IPHONEOS_DEPLOYMENT_TARGET = 17.2;
				LOCALIZATION_PREFERS_STRING_CATALOGS = YES;
				MTL_ENABLE_DEBUG_INFO = NO;
				MTL_FAST_MATH = YES;
				SDKROOT = iphoneos;
				SWIFT_COMPILATION_MODE = wholemodule;
				VALIDATE_PRODUCT = YES;
			};
			name = Release;
		};
		0C33EA472BD184570034D484 /* Debug */ = {
			isa = XCBuildConfiguration;
			baseConfigurationReference = 655726A53FC5BE8A84D97797 /* Pods-DailyWages.debug.xcconfig */;
			buildSettings = {
				ASSETCATALOG_COMPILER_APPICON_NAME = AppIcon;
				ASSETCATALOG_COMPILER_GLOBAL_ACCENT_COLOR_NAME = AccentColor;
				CODE_SIGN_IDENTITY = "Apple Development";
				CODE_SIGN_STYLE = Automatic;
				CURRENT_PROJECT_VERSION = 1;
				DEVELOPMENT_TEAM = B2B6DJ4TZD;
				GENERATE_INFOPLIST_FILE = YES;
				INFOPLIST_FILE = DailyWages/Info.plist;
				INFOPLIST_KEY_UIApplicationSupportsIndirectInputEvents = YES;
				INFOPLIST_KEY_UILaunchStoryboardName = LaunchScreen;
				INFOPLIST_KEY_UIMainStoryboardFile = Main;
				INFOPLIST_KEY_UISupportedInterfaceOrientations_iPad = "UIInterfaceOrientationPortrait UIInterfaceOrientationPortraitUpsideDown UIInterfaceOrientationLandscapeLeft UIInterfaceOrientationLandscapeRight";
				INFOPLIST_KEY_UISupportedInterfaceOrientations_iPhone = "UIInterfaceOrientationPortrait UIInterfaceOrientationLandscapeLeft UIInterfaceOrientationLandscapeRight";
				IPHONEOS_DEPLOYMENT_TARGET = 17.2;
				LD_RUNPATH_SEARCH_PATHS = (
					"$(inherited)",
					"@executable_path/Frameworks",
				);
				MARKETING_VERSION = 1.0;
				PRODUCT_BUNDLE_IDENTIFIER = com.learning.DailyWages;
				PRODUCT_NAME = "$(TARGET_NAME)";
				PROVISIONING_PROFILE_SPECIFIER = "";
				SWIFT_EMIT_LOC_STRINGS = YES;
				SWIFT_VERSION = 5.0;
				TARGETED_DEVICE_FAMILY = "1,2";
			};
			name = Debug;
		};
		0C33EA482BD184570034D484 /* Release */ = {
			isa = XCBuildConfiguration;
			baseConfigurationReference = 63E452B6DFA47464733A972A /* Pods-DailyWages.release.xcconfig */;
			buildSettings = {
				ASSETCATALOG_COMPILER_APPICON_NAME = AppIcon;
				ASSETCATALOG_COMPILER_GLOBAL_ACCENT_COLOR_NAME = AccentColor;
				CODE_SIGN_IDENTITY = "Apple Development";
				CODE_SIGN_STYLE = Automatic;
				CURRENT_PROJECT_VERSION = 1;
				DEVELOPMENT_TEAM = B2B6DJ4TZD;
				GENERATE_INFOPLIST_FILE = YES;
				INFOPLIST_FILE = DailyWages/Info.plist;
				INFOPLIST_KEY_UIApplicationSupportsIndirectInputEvents = YES;
				INFOPLIST_KEY_UILaunchStoryboardName = LaunchScreen;
				INFOPLIST_KEY_UIMainStoryboardFile = Main;
				INFOPLIST_KEY_UISupportedInterfaceOrientations_iPad = "UIInterfaceOrientationPortrait UIInterfaceOrientationPortraitUpsideDown UIInterfaceOrientationLandscapeLeft UIInterfaceOrientationLandscapeRight";
				INFOPLIST_KEY_UISupportedInterfaceOrientations_iPhone = "UIInterfaceOrientationPortrait UIInterfaceOrientationLandscapeLeft UIInterfaceOrientationLandscapeRight";
				IPHONEOS_DEPLOYMENT_TARGET = 17.2;
				LD_RUNPATH_SEARCH_PATHS = (
					"$(inherited)",
					"@executable_path/Frameworks",
				);
				MARKETING_VERSION = 1.0;
				PRODUCT_BUNDLE_IDENTIFIER = com.learning.DailyWages;
				PRODUCT_NAME = "$(TARGET_NAME)";
				PROVISIONING_PROFILE_SPECIFIER = "";
				SWIFT_EMIT_LOC_STRINGS = YES;
				SWIFT_VERSION = 5.0;
				TARGETED_DEVICE_FAMILY = "1,2";
			};
			name = Release;
		};
/* End XCBuildConfiguration section */

/* Begin XCConfigurationList section */
		0C33EA2D2BD184550034D484 /* Build configuration list for PBXProject "DailyWages" */ = {
			isa = XCConfigurationList;
			buildConfigurations = (
				0C33EA442BD184570034D484 /* Debug */,
				0C33EA452BD184570034D484 /* Release */,
			);
			defaultConfigurationIsVisible = 0;
			defaultConfigurationName = Release;
		};
		0C33EA462BD184570034D484 /* Build configuration list for PBXNativeTarget "DailyWages" */ = {
			isa = XCConfigurationList;
			buildConfigurations = (
				0C33EA472BD184570034D484 /* Debug */,
				0C33EA482BD184570034D484 /* Release */,
			);
			defaultConfigurationIsVisible = 0;
			defaultConfigurationName = Release;
		};
/* End XCConfigurationList section */
	};
	rootObject = 0C33EA2A2BD184550034D484 /* Project object */;
}
